
Microsoft Visual Studio Solution File, Format Version 12.00
# Visual Studio Version 17
VisualStudioVersion = 17.5.33627.172
MinimumVisualStudioVersion = 10.0.40219.1
Project("{FAE04EC0-301F-11D3-BF4B-00C04F79EFBC}") = "Asp_Net_6_CRUD_EF_and_SQLServer", "Asp_Net_6_CRUD_EF_and_SQLServer\Asp_Net_6_CRUD_EF_and_SQLServer.csproj", "{E4595357-3D82-46EF-8E5D-FC18C66FA79C}"
EndProject
Global
	GlobalSection(SolutionConfigurationPlatforms) = preSolution
		Debug|Any CPU = Debug|Any CPU
		Release|Any CPU = Release|Any CPU
	EndGlobalSection
	GlobalSection(ProjectConfigurationPlatforms) = postSolution
		{E4595357-3D82-46EF-8E5D-FC18C66FA79C}.Debug|Any CPU.ActiveCfg = Debug|Any CPU
		{E4595357-3D82-46EF-8E5D-FC18C66FA79C}.Debug|Any CPU.Build.0 = Debug|Any CPU
		{E4595357-3D82-46EF-8E5D-FC18C66FA79C}.Release|Any CPU.ActiveCfg = Release|Any CPU
		{E4595357-3D82-46EF-8E5D-FC18C66FA79C}.Release|Any CPU.Build.0 = Release|Any CPU
	EndGlobalSection
	GlobalSection(SolutionProperties) = preSolution
		HideSolutionNode = FALSE
	EndGlobalSection
	GlobalSection(ExtensibilityGlobals) = postSolution
		SolutionGuid = {9B13F67D-5ADD-46B7-862D-EED9E398A499}
	EndGlobalSection
EndGlobal
